// !$*UTF8*$!
{
	archiveVersion = 1;
	classes = {
	};
	objectVersion = 51;
	objects = {

/* Begin PBXBuildFile section */
		774B8EE8259B193900FA0622 /* ToDoItems.swift in Sources */ = {isa = PBXBuildFile; fileRef = 774B8EE7259B193900FA0622 /* ToDoItems.swift */; };
		774B8EED259B28B100FA0622 /* EntryViewController.swift in Sources */ = {isa = PBXBuildFile; fileRef = 774B8EEC259B28B100FA0622 /* EntryViewController.swift */; };
		774B8EF2259B28D300FA0622 /* ViewViewController.swift in Sources */ = {isa = PBXBuildFile; fileRef = 774B8EF1259B28D300FA0622 /* ViewViewController.swift */; };
		77D3909B259AEC73002839B3 /* AppDelegate.swift in Sources */ = {isa = PBXBuildFile; fileRef = 77D3909A259AEC73002839B3 /* AppDelegate.swift */; };
		77D3909D259AEC73002839B3 /* SceneDelegate.swift in Sources */ = {isa = PBXBuildFile; fileRef = 77D3909C259AEC73002839B3 /* SceneDelegate.swift */; };
		77D3909F259AEC73002839B3 /* ViewController.swift in Sources */ = {isa = PBXBuildFile; fileRef = 77D3909E259AEC73002839B3 /* ViewController.swift */; };
		77D390A2259AEC73002839B3 /* Main.storyboard in Resources */ = {isa = PBXBuildFile; fileRef = 77D390A0259AEC73002839B3 /* Main.storyboard */; };
		77D390A4259AEC74002839B3 /* Assets.xcassets in Resources */ = {isa = PBXBuildFile; fileRef = 77D390A3259AEC74002839B3 /* Assets.xcassets */; };
		77D390A7259AEC74002839B3 /* LaunchScreen.storyboard in Resources */ = {isa = PBXBuildFile; fileRef = 77D390A5259AEC74002839B3 /* LaunchScreen.storyboard */; };
		77D390B2259AEC74002839B3 /* todoAppTests.swift in Sources */ = {isa = PBXBuildFile; fileRef = 77D390B1259AEC74002839B3 /* todoAppTests.swift */; };
		77D390BD259AEC74002839B3 /* todoAppUITests.swift in Sources */ = {isa = PBXBuildFile; fileRef = 77D390BC259AEC74002839B3 /* todoAppUITests.swift */; };
		C35BF2E118F3411A87B79ADD /* Pods_todoAppTests.framework in Frameworks */ = {isa = PBXBuildFile; fileRef = DB635489721E6710D4C850B6 /* Pods_todoAppTests.framework */; };
		E5CDE31B77BDB368CA815A11 /* Pods_todoApp_todoAppUITests.framework in Frameworks */ = {isa = PBXBuildFile; fileRef = 91955EF64C79F22220B8C7CA /* Pods_todoApp_todoAppUITests.framework */; };
		ED29A3AB1D2E28944B591F1F /* Pods_todoApp.framework in Frameworks */ = {isa = PBXBuildFile; fileRef = D2602F7A5C904EA15B8AA091 /* Pods_todoApp.framework */; };
/* End PBXBuildFile section */

/* Begin PBXContainerItemProxy section */
		77D390AE259AEC74002839B3 /* PBXContainerItemProxy */ = {
			isa = PBXContainerItemProxy;
			containerPortal = 77D3908F259AEC73002839B3 /* Project object */;
			proxyType = 1;
			remoteGlobalIDString = 77D39096259AEC73002839B3;
			remoteInfo = todoApp;
		};
		77D390B9259AEC74002839B3 /* PBXContainerItemProxy */ = {
			isa = PBXContainerItemProxy;
			containerPortal = 77D3908F259AEC73002839B3 /* Project object */;
			proxyType = 1;
			remoteGlobalIDString = 77D39096259AEC73002839B3;
			remoteInfo = todoApp;
		};
/* End PBXContainerItemProxy section */

/* Begin PBXFileReference section */
		186FC9A903F25089A0CFD4BA /* Pods-todoApp-todoAppUITests.release.xcconfig */ = {isa = PBXFileReference; includeInIndex = 1; lastKnownFileType = text.xcconfig; name = "Pods-todoApp-todoAppUITests.release.xcconfig"; path = "Target Support Files/Pods-todoApp-todoAppUITests/Pods-todoApp-todoAppUITests.release.xcconfig"; sourceTree = "<group>"; };
		2C6E6ED91DA3D701EF9EC2AB /* Pods-todoApp-todoAppUITests.debug.xcconfig */ = {isa = PBXFileReference; includeInIndex = 1; lastKnownFileType = text.xcconfig; name = "Pods-todoApp-todoAppUITests.debug.xcconfig"; path = "Target Support Files/Pods-todoApp-todoAppUITests/Pods-todoApp-todoAppUITests.debug.xcconfig"; sourceTree = "<group>"; };
		774B8EE7259B193900FA0622 /* ToDoItems.swift */ = {isa = PBXFileReference; lastKnownFileType = sourcecode.swift; path = ToDoItems.swift; sourceTree = "<group>"; };
		774B8EEC259B28B100FA0622 /* EntryViewController.swift */ = {isa = PBXFileReference; lastKnownFileType = sourcecode.swift; path = EntryViewController.swift; sourceTree = "<group>"; };
		774B8EF1259B28D300FA0622 /* ViewViewController.swift */ = {isa = PBXFileReference; lastKnownFileType = sourcecode.swift; path = ViewViewController.swift; sourceTree = "<group>"; };
		77D39097259AEC73002839B3 /* todoApp.app */ = {isa = PBXFileReference; explicitFileType = wrapper.application; includeInIndex = 0; path = todoApp.app; sourceTree = BUILT_PRODUCTS_DIR; };
		77D3909A259AEC73002839B3 /* AppDelegate.swift */ = {isa = PBXFileReference; lastKnownFileType = sourcecode.swift; path = AppDelegate.swift; sourceTree = "<group>"; };
		77D3909C259AEC73002839B3 /* SceneDelegate.swift */ = {isa = PBXFileReference; lastKnownFileType = sourcecode.swift; path = SceneDelegate.swift; sourceTree = "<group>"; };
		77D3909E259AEC73002839B3 /* ViewController.swift */ = {isa = PBXFileReference; lastKnownFileType = sourcecode.swift; path = ViewController.swift; sourceTree = "<group>"; };
		77D390A1259AEC73002839B3 /* Base */ = {isa = PBXFileReference; lastKnownFileType = file.storyboard; name = Base; path = Base.lproj/Main.storyboard; sourceTree = "<group>"; };
		77D390A3259AEC74002839B3 /* Assets.xcassets */ = {isa = PBXFileReference; lastKnownFileType = folder.assetcatalog; path = Assets.xcassets; sourceTree = "<group>"; };
		77D390A6259AEC74002839B3 /* Base */ = {isa = PBXFileReference; lastKnownFileType = file.storyboard; name = Base; path = Base.lproj/LaunchScreen.storyboard; sourceTree = "<group>"; };
		77D390A8259AEC74002839B3 /* Info.plist */ = {isa = PBXFileReference; lastKnownFileType = text.plist.xml; path = Info.plist; sourceTree = "<group>"; };
		77D390AD259AEC74002839B3 /* todoAppTests.xctest */ = {isa = PBXFileReference; explicitFileType = wrapper.cfbundle; includeInIndex = 0; path = todoAppTests.xctest; sourceTree = BUILT_PRODUCTS_DIR; };
		77D390B1259AEC74002839B3 /* todoAppTests.swift */ = {isa = PBXFileReference; lastKnownFileType = sourcecode.swift; path = todoAppTests.swift; sourceTree = "<group>"; };
		77D390B3259AEC74002839B3 /* Info.plist */ = {isa = PBXFileReference; lastKnownFileType = text.plist.xml; path = Info.plist; sourceTree = "<group>"; };
		77D390B8259AEC74002839B3 /* todoAppUITests.xctest */ = {isa = PBXFileReference; explicitFileType = wrapper.cfbundle; includeInIndex = 0; path = todoAppUITests.xctest; sourceTree = BUILT_PRODUCTS_DIR; };
		77D390BC259AEC74002839B3 /* todoAppUITests.swift */ = {isa = PBXFileReference; lastKnownFileType = sourcecode.swift; path = todoAppUITests.swift; sourceTree = "<group>"; };
		77D390BE259AEC74002839B3 /* Info.plist */ = {isa = PBXFileReference; lastKnownFileType = text.plist.xml; path = Info.plist; sourceTree = "<group>"; };
		89B5DE9393371D7B50FFA922 /* Pods-todoApp.debug.xcconfig */ = {isa = PBXFileReference; includeInIndex = 1; lastKnownFileType = text.xcconfig; name = "Pods-todoApp.debug.xcconfig"; path = "Target Support Files/Pods-todoApp/Pods-todoApp.debug.xcconfig"; sourceTree = "<group>"; };
		91955EF64C79F22220B8C7CA /* Pods_todoApp_todoAppUITests.framework */ = {isa = PBXFileReference; explicitFileType = wrapper.framework; includeInIndex = 0; path = Pods_todoApp_todoAppUITests.framework; sourceTree = BUILT_PRODUCTS_DIR; };
		CE32F69ACB69BC771C63A49A /* Pods-todoApp.release.xcconfig */ = {isa = PBXFileReference; includeInIndex = 1; lastKnownFileType = text.xcconfig; name = "Pods-todoApp.release.xcconfig"; path = "Target Support Files/Pods-todoApp/Pods-todoApp.release.xcconfig"; sourceTree = "<group>"; };
		D2602F7A5C904EA15B8AA091 /* Pods_todoApp.framework */ = {isa = PBXFileReference; explicitFileType = wrapper.framework; includeInIndex = 0; path = Pods_todoApp.framework; sourceTree = BUILT_PRODUCTS_DIR; };
		DB635489721E6710D4C850B6 /* Pods_todoAppTests.framework */ = {isa = PBXFileReference; explicitFileType = wrapper.framework; includeInIndex = 0; path = Pods_todoAppTests.framework; sourceTree = BUILT_PRODUCTS_DIR; };
		E470481D875B305278105744 /* Pods-todoAppTests.debug.xcconfig */ = {isa = PBXFileReference; includeInIndex = 1; lastKnownFileType = text.xcconfig; name = "Pods-todoAppTests.debug.xcconfig"; path = "Target Support Files/Pods-todoAppTests/Pods-todoAppTests.debug.xcconfig"; sourceTree = "<group>"; };
		F9318A9AB95D16C5CD691E33 /* Pods-todoAppTests.release.xcconfig */ = {isa = PBXFileReference; includeInIndex = 1; lastKnownFileType = text.xcconfig; name = "Pods-todoAppTests.release.xcconfig"; path = "Target Support Files/Pods-todoAppTests/Pods-todoAppTests.release.xcconfig"; sourceTree = "<group>"; };
/* End PBXFileReference section */

/* Begin PBXFrameworksBuildPhase section */
		77D39094259AEC73002839B3 /* Frameworks */ = {
			isa = PBXFrameworksBuildPhase;
			buildActionMask = 2147483647;
			files = (
				ED29A3AB1D2E28944B591F1F /* Pods_todoApp.framework in Frameworks */,
			);
			runOnlyForDeploymentPostprocessing = 0;
		};
		77D390AA259AEC74002839B3 /* Frameworks */ = {
			isa = PBXFrameworksBuildPhase;
			buildActionMask = 2147483647;
			files = (
				C35BF2E118F3411A87B79ADD /* Pods_todoAppTests.framework in Frameworks */,
			);
			runOnlyForDeploymentPostprocessing = 0;
		};
		77D390B5259AEC74002839B3 /* Frameworks */ = {
			isa = PBXFrameworksBuildPhase;
			buildActionMask = 2147483647;
			files = (
				E5CDE31B77BDB368CA815A11 /* Pods_todoApp_todoAppUITests.framework in Frameworks */,
			);
			runOnlyForDeploymentPostprocessing = 0;
		};
/* End PBXFrameworksBuildPhase section */

/* Begin PBXGroup section */
		08B78697886D535AC93B085F /* Pods */ = {
			isa = PBXGroup;
			children = (
				89B5DE9393371D7B50FFA922 /* Pods-todoApp.debug.xcconfig */,
				CE32F69ACB69BC771C63A49A /* Pods-todoApp.release.xcconfig */,
				2C6E6ED91DA3D701EF9EC2AB /* Pods-todoApp-todoAppUITests.debug.xcconfig */,
				186FC9A903F25089A0CFD4BA /* Pods-todoApp-todoAppUITests.release.xcconfig */,
				E470481D875B305278105744 /* Pods-todoAppTests.debug.xcconfig */,
				F9318A9AB95D16C5CD691E33 /* Pods-todoAppTests.release.xcconfig */,
			);
			path = Pods;
			sourceTree = "<group>";
		};
		57687E7344ED9C7606791921 /* Frameworks */ = {
			isa = PBXGroup;
			children = (
				D2602F7A5C904EA15B8AA091 /* Pods_todoApp.framework */,
				91955EF64C79F22220B8C7CA /* Pods_todoApp_todoAppUITests.framework */,
				DB635489721E6710D4C850B6 /* Pods_todoAppTests.framework */,
			);
			name = Frameworks;
			sourceTree = "<group>";
		};
		77D3908E259AEC73002839B3 = {
			isa = PBXGroup;
			children = (
				77D39099259AEC73002839B3 /* todoApp */,
				77D390B0259AEC74002839B3 /* todoAppTests */,
				77D390BB259AEC74002839B3 /* todoAppUITests */,
				77D39098259AEC73002839B3 /* Products */,
				08B78697886D535AC93B085F /* Pods */,
				57687E7344ED9C7606791921 /* Frameworks */,
			);
			sourceTree = "<group>";
		};
		77D39098259AEC73002839B3 /* Products */ = {
			isa = PBXGroup;
			children = (
				77D39097259AEC73002839B3 /* todoApp.app */,
				77D390AD259AEC74002839B3 /* todoAppTests.xctest */,
				77D390B8259AEC74002839B3 /* todoAppUITests.xctest */,
			);
			name = Products;
			sourceTree = "<group>";
		};
		77D39099259AEC73002839B3 /* todoApp */ = {
			isa = PBXGroup;
			children = (
				77D3909A259AEC73002839B3 /* AppDelegate.swift */,
				77D3909C259AEC73002839B3 /* SceneDelegate.swift */,
				77D3909E259AEC73002839B3 /* ViewController.swift */,
				774B8EE7259B193900FA0622 /* ToDoItems.swift */,
				77D390A0259AEC73002839B3 /* Main.storyboard */,
				774B8EEC259B28B100FA0622 /* EntryViewController.swift */,
				774B8EF1259B28D300FA0622 /* ViewViewController.swift */,
				77D390A3259AEC74002839B3 /* Assets.xcassets */,
				77D390A5259AEC74002839B3 /* LaunchScreen.storyboard */,
				77D390A8259AEC74002839B3 /* Info.plist */,
			);
			path = todoApp;
			sourceTree = "<group>";
		};
		77D390B0259AEC74002839B3 /* todoAppTests */ = {
			isa = PBXGroup;
			children = (
				77D390B1259AEC74002839B3 /* todoAppTests.swift */,
				77D390B3259AEC74002839B3 /* Info.plist */,
			);
			path = todoAppTests;
			sourceTree = "<group>";
		};
		77D390BB259AEC74002839B3 /* todoAppUITests */ = {
			isa = PBXGroup;
			children = (
				77D390BC259AEC74002839B3 /* todoAppUITests.swift */,
				77D390BE259AEC74002839B3 /* Info.plist */,
			);
			path = todoAppUITests;
			sourceTree = "<group>";
		};
/* End PBXGroup section */

/* Begin PBXNativeTarget section */
		77D39096259AEC73002839B3 /* todoApp */ = {
			isa = PBXNativeTarget;
			buildConfigurationList = 77D390C1259AEC74002839B3 /* Build configuration list for PBXNativeTarget "todoApp" */;
			buildPhases = (
				46C8F55268DCB33869D0C95C /* [CP] Check Pods Manifest.lock */,
				77D39093259AEC73002839B3 /* Sources */,
				77D39094259AEC73002839B3 /* Frameworks */,
				77D39095259AEC73002839B3 /* Resources */,
				E202F3F9991C26E8D310653E /* [CP] Embed Pods Frameworks */,
			);
			buildRules = (
			);
			dependencies = (
			);
			name = todoApp;
			productName = todoApp;
			productReference = 77D39097259AEC73002839B3 /* todoApp.app */;
			productType = "com.apple.product-type.application";
		};
		77D390AC259AEC74002839B3 /* todoAppTests */ = {
			isa = PBXNativeTarget;
			buildConfigurationList = 77D390C4259AEC74002839B3 /* Build configuration list for PBXNativeTarget "todoAppTests" */;
			buildPhases = (
				3AC077D97AA577489963216D /* [CP] Check Pods Manifest.lock */,
				77D390A9259AEC74002839B3 /* Sources */,
				77D390AA259AEC74002839B3 /* Frameworks */,
				77D390AB259AEC74002839B3 /* Resources */,
				C59F282769980B681E790B27 /* [CP] Embed Pods Frameworks */,
			);
			buildRules = (
			);
			dependencies = (
				77D390AF259AEC74002839B3 /* PBXTargetDependency */,
			);
			name = todoAppTests;
			productName = todoAppTests;
			productReference = 77D390AD259AEC74002839B3 /* todoAppTests.xctest */;
			productType = "com.apple.product-type.bundle.unit-test";
		};
		77D390B7259AEC74002839B3 /* todoAppUITests */ = {
			isa = PBXNativeTarget;
			buildConfigurationList = 77D390C7259AEC74002839B3 /* Build configuration list for PBXNativeTarget "todoAppUITests" */;
			buildPhases = (
				F635892733BAFD136060B402 /* [CP] Check Pods Manifest.lock */,
				77D390B4259AEC74002839B3 /* Sources */,
				77D390B5259AEC74002839B3 /* Frameworks */,
				77D390B6259AEC74002839B3 /* Resources */,
				7AAE6D06E48419F5E2A13FE6 /* [CP] Embed Pods Frameworks */,
			);
			buildRules = (
			);
			dependencies = (
				77D390BA259AEC74002839B3 /* PBXTargetDependency */,
			);
			name = todoAppUITests;
			productName = todoAppUITests;
			productReference = 77D390B8259AEC74002839B3 /* todoAppUITests.xctest */;
			productType = "com.apple.product-type.bundle.ui-testing";
		};
/* End PBXNativeTarget section */

/* Begin PBXProject section */
		77D3908F259AEC73002839B3 /* Project object */ = {
			isa = PBXProject;
			attributes = {
				LastSwiftUpdateCheck = 1230;
				LastUpgradeCheck = 1230;
				TargetAttributes = {
					77D39096259AEC73002839B3 = {
						CreatedOnToolsVersion = 12.3;
					};
					77D390AC259AEC74002839B3 = {
						CreatedOnToolsVersion = 12.3;
						TestTargetID = 77D39096259AEC73002839B3;
					};
					77D390B7259AEC74002839B3 = {
						CreatedOnToolsVersion = 12.3;
						TestTargetID = 77D39096259AEC73002839B3;
					};
				};
			};
			buildConfigurationList = 77D39092259AEC73002839B3 /* Build configuration list for PBXProject "todoApp" */;
			compatibilityVersion = "Xcode 9.3";
			developmentRegion = en;
			hasScannedForEncodings = 0;
			knownRegions = (
				en,
				Base,
			);
			mainGroup = 77D3908E259AEC73002839B3;
			productRefGroup = 77D39098259AEC73002839B3 /* Products */;
			projectDirPath = "";
			projectRoot = "";
			targets = (
				77D39096259AEC73002839B3 /* todoApp */,
				77D390AC259AEC74002839B3 /* todoAppTests */,
				77D390B7259AEC74002839B3 /* todoAppUITests */,
			);
		};
/* End PBXProject section */

/* Begin PBXResourcesBuildPhase section */
		77D39095259AEC73002839B3 /* Resources */ = {
			isa = PBXResourcesBuildPhase;
			buildActionMask = 2147483647;
			files = (
				77D390A7259AEC74002839B3 /* LaunchScreen.storyboard in Resources */,
				77D390A4259AEC74002839B3 /* Assets.xcassets in Resources */,
				77D390A2259AEC73002839B3 /* Main.storyboard in Resources */,
			);
			runOnlyForDeploymentPostprocessing = 0;
		};
		77D390AB259AEC74002839B3 /* Resources */ = {
			isa = PBXResourcesBuildPhase;
			buildActionMask = 2147483647;
			files = (
			);
			runOnlyForDeploymentPostprocessing = 0;
		};
		77D390B6259AEC74002839B3 /* Resources */ = {
			isa = PBXResourcesBuildPhase;
			buildActionMask = 2147483647;
			files = (
			);
			runOnlyForDeploymentPostprocessing = 0;
		};
/* End PBXResourcesBuildPhase section */

/* Begin PBXShellScriptBuildPhase section */
		3AC077D97AA577489963216D /* [CP] Check Pods Manifest.lock */ = {
			isa = PBXShellScriptBuildPhase;
			buildActionMask = 2147483647;
			files = (
			);
			inputFileListPaths = (
			);
			inputPaths = (
				"${PODS_PODFILE_DIR_PATH}/Podfile.lock",
				"${PODS_ROOT}/Manifest.lock",
			);
			name = "[CP] Check Pods Manifest.lock";
			outputFileListPaths = (
			);
			outputPaths = (
				"$(DERIVED_FILE_DIR)/Pods-todoAppTests-checkManifestLockResult.txt",
			);
			runOnlyForDeploymentPostprocessing = 0;
			shellPath = /bin/sh;
			shellScript = "diff \"${PODS_PODFILE_DIR_PATH}/Podfile.lock\" \"${PODS_ROOT}/Manifest.lock\" > /dev/null\nif [ $? != 0 ] ; then\n    # print error to STDERR\n    echo \"error: The sandbox is not in sync with the Podfile.lock. Run 'pod install' or update your CocoaPods installation.\" >&2\n    exit 1\nfi\n# This output is used by Xcode 'outputs' to avoid re-running this script phase.\necho \"SUCCESS\" > \"${SCRIPT_OUTPUT_FILE_0}\"\n";
			showEnvVarsInLog = 0;
		};
		46C8F55268DCB33869D0C95C /* [CP] Check Pods Manifest.lock */ = {
			isa = PBXShellScriptBuildPhase;
			buildActionMask = 2147483647;
			files = (
			);
			inputFileListPaths = (
			);
			inputPaths = (
				"${PODS_PODFILE_DIR_PATH}/Podfile.lock",
				"${PODS_ROOT}/Manifest.lock",
			);
			name = "[CP] Check Pods Manifest.lock";
			outputFileListPaths = (
			);
			outputPaths = (
				"$(DERIVED_FILE_DIR)/Pods-todoApp-checkManifestLockResult.txt",
			);
			runOnlyForDeploymentPostprocessing = 0;
			shellPath = /bin/sh;
			shellScript = "diff \"${PODS_PODFILE_DIR_PATH}/Podfile.lock\" \"${PODS_ROOT}/Manifest.lock\" > /dev/null\nif [ $? != 0 ] ; then\n    # print error to STDERR\n    echo \"error: The sandbox is not in sync with the Podfile.lock. Run 'pod install' or update your CocoaPods installation.\" >&2\n    exit 1\nfi\n# This output is used by Xcode 'outputs' to avoid re-running this script phase.\necho \"SUCCESS\" > \"${SCRIPT_OUTPUT_FILE_0}\"\n";
			showEnvVarsInLog = 0;
		};
		7AAE6D06E48419F5E2A13FE6 /* [CP] Embed Pods Frameworks */ = {
			isa = PBXShellScriptBuildPhase;
			buildActionMask = 2147483647;
			files = (
			);
			inputFileListPaths = (
				"${PODS_ROOT}/Target Support Files/Pods-todoApp-todoAppUITests/Pods-todoApp-todoAppUITests-frameworks-${CONFIGURATION}-input-files.xcfilelist",
			);
			name = "[CP] Embed Pods Frameworks";
			outputFileListPaths = (
				"${PODS_ROOT}/Target Support Files/Pods-todoApp-todoAppUITests/Pods-todoApp-todoAppUITests-frameworks-${CONFIGURATION}-output-files.xcfilelist",
			);
			runOnlyForDeploymentPostprocessing = 0;
			shellPath = /bin/sh;
			shellScript = "\"${PODS_ROOT}/Target Support Files/Pods-todoApp-todoAppUITests/Pods-todoApp-todoAppUITests-frameworks.sh\"\n";
			showEnvVarsInLog = 0;
		};
		C59F282769980B681E790B27 /* [CP] Embed Pods Frameworks */ = {
			isa = PBXShellScriptBuildPhase;
			buildActionMask = 2147483647;
			files = (
			);
			inputFileListPaths = (
				"${PODS_ROOT}/Target Support Files/Pods-todoAppTests/Pods-todoAppTests-frameworks-${CONFIGURATION}-input-files.xcfilelist",
			);
			name = "[CP] Embed Pods Frameworks";
			outputFileListPaths = (
				"${PODS_ROOT}/Target Support Files/Pods-todoAppTests/Pods-todoAppTests-frameworks-${CONFIGURATION}-output-files.xcfilelist",
			);
			runOnlyForDeploymentPostprocessing = 0;
			shellPath = /bin/sh;
			shellScript = "\"${PODS_ROOT}/Target Support Files/Pods-todoAppTests/Pods-todoAppTests-frameworks.sh\"\n";
			showEnvVarsInLog = 0;
		};
		E202F3F9991C26E8D310653E /* [CP] Embed Pods Frameworks */ = {
			isa = PBXShellScriptBuildPhase;
			buildActionMask = 2147483647;
			files = (
			);
			inputFileListPaths = (
				"${PODS_ROOT}/Target Support Files/Pods-todoApp/Pods-todoApp-frameworks-${CONFIGURATION}-input-files.xcfilelist",
			);
			name = "[CP] Embed Pods Frameworks";
			outputFileListPaths = (
				"${PODS_ROOT}/Target Support Files/Pods-todoApp/Pods-todoApp-frameworks-${CONFIGURATION}-output-files.xcfilelist",
			);
			runOnlyForDeploymentPostprocessing = 0;
			shellPath = /bin/sh;
			shellScript = "\"${PODS_ROOT}/Target Support Files/Pods-todoApp/Pods-todoApp-frameworks.sh\"\n";
			showEnvVarsInLog = 0;
		};
		F635892733BAFD136060B402 /* [CP] Check Pods Manifest.lock */ = {
			isa = PBXShellScriptBuildPhase;
			buildActionMask = 2147483647;
			files = (
			);
			inputFileListPaths = (
			);
			inputPaths = (
				"${PODS_PODFILE_DIR_PATH}/Podfile.lock",
				"${PODS_ROOT}/Manifest.lock",
			);
			name = "[CP] Check Pods Manifest.lock";
			outputFileListPaths = (
			);
			outputPaths = (
				"$(DERIVED_FILE_DIR)/Pods-todoApp-todoAppUITests-checkManifestLockResult.txt",
			);
			runOnlyForDeploymentPostprocessing = 0;
			shellPath = /bin/sh;
			shellScript = "diff \"${PODS_PODFILE_DIR_PATH}/Podfile.lock\" \"${PODS_ROOT}/Manifest.lock\" > /dev/null\nif [ $? != 0 ] ; then\n    # print error to STDERR\n    echo \"error: The sandbox is not in sync with the Podfile.lock. Run 'pod install' or update your CocoaPods installation.\" >&2\n    exit 1\nfi\n# This output is used by Xcode 'outputs' to avoid re-running this script phase.\necho \"SUCCESS\" > \"${SCRIPT_OUTPUT_FILE_0}\"\n";
			showEnvVarsInLog = 0;
		};
/* End PBXShellScriptBuildPhase section */

/* Begin PBXSourcesBuildPhase section */
		77D39093259AEC73002839B3 /* Sources */ = {
			isa = PBXSourcesBuildPhase;
			buildActionMask = 2147483647;
			files = (
				77D3909F259AEC73002839B3 /* ViewController.swift in Sources */,
				774B8EED259B28B100FA0622 /* EntryViewController.swift in Sources */,
				77D3909B259AEC73002839B3 /* AppDelegate.swift in Sources */,
				774B8EF2259B28D300FA0622 /* ViewViewController.swift in Sources */,
				774B8EE8259B193900FA0622 /* ToDoItems.swift in Sources */,
				77D3909D259AEC73002839B3 /* SceneDelegate.swift in Sources */,
			);
			runOnlyForDeploymentPostprocessing = 0;
		};
		77D390A9259AEC74002839B3 /* Sources */ = {
			isa = PBXSourcesBuildPhase;
			buildActionMask = 2147483647;
			files = (
				77D390B2259AEC74002839B3 /* todoAppTests.swift in Sources */,
			);
			runOnlyForDeploymentPostprocessing = 0;
		};
		77D390B4259AEC74002839B3 /* Sources */ = {
			isa = PBXSourcesBuildPhase;
			buildActionMask = 2147483647;
			files = (
				77D390BD259AEC74002839B3 /* todoAppUITests.swift in Sources */,
			);
			runOnlyForDeploymentPostprocessing = 0;
		};
/* End PBXSourcesBuildPhase section */

/* Begin PBXTargetDependency section */
		77D390AF259AEC74002839B3 /* PBXTargetDependency */ = {
			isa = PBXTargetDependency;
			target = 77D39096259AEC73002839B3 /* todoApp */;
			targetProxy = 77D390AE259AEC74002839B3 /* PBXContainerItemProxy */;
		};
		77D390BA259AEC74002839B3 /* PBXTargetDependency */ = {
			isa = PBXTargetDependency;
			target = 77D39096259AEC73002839B3 /* todoApp */;
			targetProxy = 77D390B9259AEC74002839B3 /* PBXContainerItemProxy */;
		};
/* End PBXTargetDependency section */

/* Begin PBXVariantGroup section */
		77D390A0259AEC73002839B3 /* Main.storyboard */ = {
			isa = PBXVariantGroup;
			children = (
				77D390A1259AEC73002839B3 /* Base */,
			);
			name = Main.storyboard;
			sourceTree = "<group>";
		};
		77D390A5259AEC74002839B3 /* LaunchScreen.storyboard */ = {
			isa = PBXVariantGroup;
			children = (
				77D390A6259AEC74002839B3 /* Base */,
			);
			name = LaunchScreen.storyboard;
			sourceTree = "<group>";
		};
/* End PBXVariantGroup section */

/* Begin XCBuildConfiguration section */
		77D390BF259AEC74002839B3 /* Debug */ = {
			isa = XCBuildConfiguration;
			buildSettings = {
				ALWAYS_SEARCH_USER_PATHS = NO;
				CLANG_ANALYZER_NONNULL = YES;
				CLANG_ANALYZER_NUMBER_OBJECT_CONVERSION = YES_AGGRESSIVE;
				CLANG_CXX_LANGUAGE_STANDARD = "gnu++14";
				CLANG_CXX_LIBRARY = "libc++";
				CLANG_ENABLE_MODULES = YES;
				CLANG_ENABLE_OBJC_ARC = YES;
				CLANG_ENABLE_OBJC_WEAK = YES;
				CLANG_WARN_BLOCK_CAPTURE_AUTORELEASING = YES;
				CLANG_WARN_BOOL_CONVERSION = YES;
				CLANG_WARN_COMMA = YES;
				CLANG_WARN_CONSTANT_CONVERSION = YES;
				CLANG_WARN_DEPRECATED_OBJC_IMPLEMENTATIONS = YES;
				CLANG_WARN_DIRECT_OBJC_ISA_USAGE = YES_ERROR;
				CLANG_WARN_DOCUMENTATION_COMMENTS = YES;
				CLANG_WARN_EMPTY_BODY = YES;
				CLANG_WARN_ENUM_CONVERSION = YES;
				CLANG_WARN_INFINITE_RECURSION = YES;
				CLANG_WARN_INT_CONVERSION = YES;
				CLANG_WARN_NON_LITERAL_NULL_CONVERSION = YES;
				CLANG_WARN_OBJC_IMPLICIT_RETAIN_SELF = YES;
				CLANG_WARN_OBJC_LITERAL_CONVERSION = YES;
				CLANG_WARN_OBJC_ROOT_CLASS = YES_ERROR;
				CLANG_WARN_QUOTED_INCLUDE_IN_FRAMEWORK_HEADER = YES;
				CLANG_WARN_RANGE_LOOP_ANALYSIS = YES;
				CLANG_WARN_STRICT_PROTOTYPES = YES;
				CLANG_WARN_SUSPICIOUS_MOVE = YES;
				CLANG_WARN_UNGUARDED_AVAILABILITY = YES_AGGRESSIVE;
				CLANG_WARN_UNREACHABLE_CODE = YES;
				CLANG_WARN__DUPLICATE_METHOD_MATCH = YES;
				COPY_PHASE_STRIP = NO;
				DEBUG_INFORMATION_FORMAT = dwarf;
				ENABLE_STRICT_OBJC_MSGSEND = YES;
				ENABLE_TESTABILITY = YES;
				GCC_C_LANGUAGE_STANDARD = gnu11;
				GCC_DYNAMIC_NO_PIC = NO;
				GCC_NO_COMMON_BLOCKS = YES;
				GCC_OPTIMIZATION_LEVEL = 0;
				GCC_PREPROCESSOR_DEFINITIONS = (
					"DEBUG=1",
					"$(inherited)",
				);
				GCC_WARN_64_TO_32_BIT_CONVERSION = YES;
				GCC_WARN_ABOUT_RETURN_TYPE = YES_ERROR;
				GCC_WARN_UNDECLARED_SELECTOR = YES;
				GCC_WARN_UNINITIALIZED_AUTOS = YES_AGGRESSIVE;
				GCC_WARN_UNUSED_FUNCTION = YES;
				GCC_WARN_UNUSED_VARIABLE = YES;
				IPHONEOS_DEPLOYMENT_TARGET = 14.3;
				MTL_ENABLE_DEBUG_INFO = INCLUDE_SOURCE;
				MTL_FAST_MATH = YES;
				ONLY_ACTIVE_ARCH = YES;
				SDKROOT = iphoneos;
				SWIFT_ACTIVE_COMPILATION_CONDITIONS = DEBUG;
				SWIFT_OPTIMIZATION_LEVEL = "-Onone";
			};
			name = Debug;
		};
		77D390C0259AEC74002839B3 /* Release */ = {
			isa = XCBuildConfiguration;
			buildSettings = {
				ALWAYS_SEARCH_USER_PATHS = NO;
				CLANG_ANALYZER_NONNULL = YES;
				CLANG_ANALYZER_NUMBER_OBJECT_CONVERSION = YES_AGGRESSIVE;
				CLANG_CXX_LANGUAGE_STANDARD = "gnu++14";
				CLANG_CXX_LIBRARY = "libc++";
				CLANG_ENABLE_MODULES = YES;
				CLANG_ENABLE_OBJC_ARC = YES;
				CLANG_ENABLE_OBJC_WEAK = YES;
				CLANG_WARN_BLOCK_CAPTURE_AUTORELEASING = YES;
				CLANG_WARN_BOOL_CONVERSION = YES;
				CLANG_WARN_COMMA = YES;
				CLANG_WARN_CONSTANT_CONVERSION = YES;
				CLANG_WARN_DEPRECATED_OBJC_IMPLEMENTATIONS = YES;
				CLANG_WARN_DIRECT_OBJC_ISA_USAGE = YES_ERROR;
				CLANG_WARN_DOCUMENTATION_COMMENTS = YES;
				CLANG_WARN_EMPTY_BODY = YES;
				CLANG_WARN_ENUM_CONVERSION = YES;
				CLANG_WARN_INFINITE_RECURSION = YES;
				CLANG_WARN_INT_CONVERSION = YES;
				CLANG_WARN_NON_LITERAL_NULL_CONVERSION = YES;
				CLANG_WARN_OBJC_IMPLICIT_RETAIN_SELF = YES;
				CLANG_WARN_OBJC_LITERAL_CONVERSION = YES;
				CLANG_WARN_OBJC_ROOT_CLASS = YES_ERROR;
				CLANG_WARN_QUOTED_INCLUDE_IN_FRAMEWORK_HEADER = YES;
				CLANG_WARN_RANGE_LOOP_ANALYSIS = YES;
				CLANG_WARN_STRICT_PROTOTYPES = YES;
				CLANG_WARN_SUSPICIOUS_MOVE = YES;
				CLANG_WARN_UNGUARDED_AVAILABILITY = YES_AGGRESSIVE;
				CLANG_WARN_UNREACHABLE_CODE = YES;
				CLANG_WARN__DUPLICATE_METHOD_MATCH = YES;
				COPY_PHASE_STRIP = NO;
				DEBUG_INFORMATION_FORMAT = "dwarf-with-dsym";
				ENABLE_NS_ASSERTIONS = NO;
				ENABLE_STRICT_OBJC_MSGSEND = YES;
				GCC_C_LANGUAGE_STANDARD = gnu11;
				GCC_NO_COMMON_BLOCKS = YES;
				GCC_WARN_64_TO_32_BIT_CONVERSION = YES;
				GCC_WARN_ABOUT_RETURN_TYPE = YES_ERROR;
				GCC_WARN_UNDECLARED_SELECTOR = YES;
				GCC_WARN_UNINITIALIZED_AUTOS = YES_AGGRESSIVE;
				GCC_WARN_UNUSED_FUNCTION = YES;
				GCC_WARN_UNUSED_VARIABLE = YES;
				IPHONEOS_DEPLOYMENT_TARGET = 14.3;
				MTL_ENABLE_DEBUG_INFO = NO;
				MTL_FAST_MATH = YES;
				SDKROOT = iphoneos;
				SWIFT_COMPILATION_MODE = wholemodule;
				SWIFT_OPTIMIZATION_LEVEL = "-O";
				VALIDATE_PRODUCT = YES;
			};
			name = Release;
		};
		77D390C2259AEC74002839B3 /* Debug */ = {
			isa = XCBuildConfiguration;
			baseConfigurationReference = 89B5DE9393371D7B50FFA922 /* Pods-todoApp.debug.xcconfig */;
			buildSettings = {
				ASSETCATALOG_COMPILER_APPICON_NAME = AppIcon;
				ASSETCATALOG_COMPILER_GLOBAL_ACCENT_COLOR_NAME = AccentColor;
				CODE_SIGN_STYLE = Automatic;
				INFOPLIST_FILE = todoApp/Info.plist;
				LD_RUNPATH_SEARCH_PATHS = (
					"$(inherited)",
					"@executable_path/Frameworks",
				);
				PRODUCT_BUNDLE_IDENTIFIER = com.reena.todoApp;
				PRODUCT_NAME = "$(TARGET_NAME)";
				SWIFT_VERSION = 5.0;
				TARGETED_DEVICE_FAMILY = "1,2";
			};
			name = Debug;
		};
		77D390C3259AEC74002839B3 /* Release */ = {
			isa = XCBuildConfiguration;
			baseConfigurationReference = CE32F69ACB69BC771C63A49A /* Pods-todoApp.release.xcconfig */;
			buildSettings = {
				ASSETCATALOG_COMPILER_APPICON_NAME = AppIcon;
				ASSETCATALOG_COMPILER_GLOBAL_ACCENT_COLOR_NAME = AccentColor;
				CODE_SIGN_STYLE = Automatic;
				INFOPLIST_FILE = todoApp/Info.plist;
				LD_RUNPATH_SEARCH_PATHS = (
					"$(inherited)",
					"@executable_path/Frameworks",
				);
				PRODUCT_BUNDLE_IDENTIFIER = com.reena.todoApp;
				PRODUCT_NAME = "$(TARGET_NAME)";
				SWIFT_VERSION = 5.0;
				TARGETED_DEVICE_FAMILY = "1,2";
			};
			name = Release;
		};
		77D390C5259AEC74002839B3 /* Debug */ = {
			isa = XCBuildConfiguration;
			baseConfigurationReference = E470481D875B305278105744 /* Pods-todoAppTests.debug.xcconfig */;
			buildSettings = {
				ALWAYS_EMBED_SWIFT_STANDARD_LIBRARIES = YES;
				BUNDLE_LOADER = "$(TEST_HOST)";
				CODE_SIGN_STYLE = Automatic;
				INFOPLIST_FILE = todoAppTests/Info.plist;
				IPHONEOS_DEPLOYMENT_TARGET = 14.3;
				LD_RUNPATH_SEARCH_PATHS = (
					"$(inherited)",
					"@executable_path/Frameworks",
					"@loader_path/Frameworks",
				);
				PRODUCT_BUNDLE_IDENTIFIER = com.reena.todoAppTests;
				PRODUCT_NAME = "$(TARGET_NAME)";
				SWIFT_VERSION = 5.0;
				TARGETED_DEVICE_FAMILY = "1,2";
				TEST_HOST = "$(BUILT_PRODUCTS_DIR)/todoApp.app/todoApp";
			};
			name = Debug;
		};
		77D390C6259AEC74002839B3 /* Release */ = {
			isa = XCBuildConfiguration;
			baseConfigurationReference = F9318A9AB95D16C5CD691E33 /* Pods-todoAppTests.release.xcconfig */;
			buildSettings = {
				ALWAYS_EMBED_SWIFT_STANDARD_LIBRARIES = YES;
				BUNDLE_LOADER = "$(TEST_HOST)";
				CODE_SIGN_STYLE = Automatic;
				INFOPLIST_FILE = todoAppTests/Info.plist;
				IPHONEOS_DEPLOYMENT_TARGET = 14.3;
				LD_RUNPATH_SEARCH_PATHS = (
					"$(inherited)",
					"@executable_path/Frameworks",
					"@loader_path/Frameworks",
				);
				PRODUCT_BUNDLE_IDENTIFIER = com.reena.todoAppTests;
				PRODUCT_NAME = "$(TARGET_NAME)";
				SWIFT_VERSION = 5.0;
				TARGETED_DEVICE_FAMILY = "1,2";
				TEST_HOST = "$(BUILT_PRODUCTS_DIR)/todoApp.app/todoApp";
			};
			name = Release;
		};
		77D390C8259AEC74002839B3 /* Debug */ = {
			isa = XCBuildConfiguration;
			baseConfigurationReference = 2C6E6ED91DA3D701EF9EC2AB /* Pods-todoApp-todoAppUITests.debug.xcconfig */;
			buildSettings = {
				ALWAYS_EMBED_SWIFT_STANDARD_LIBRARIES = YES;
				CODE_SIGN_STYLE = Automatic;
				INFOPLIST_FILE = todoAppUITests/Info.plist;
				LD_RUNPATH_SEARCH_PATHS = (
					"$(inherited)",
					"@executable_path/Frameworks",
					"@loader_path/Frameworks",
				);
				PRODUCT_BUNDLE_IDENTIFIER = com.reena.todoAppUITests;
				PRODUCT_NAME = "$(TARGET_NAME)";
				SWIFT_VERSION = 5.0;
				TARGETED_DEVICE_FAMILY = "1,2";
				TEST_TARGET_NAME = todoApp;
			};
			name = Debug;
		};
		77D390C9259AEC74002839B3 /* Release */ = {
			isa = XCBuildConfiguration;
			baseConfigurationReference = 186FC9A903F25089A0CFD4BA /* Pods-todoApp-todoAppUITests.release.xcconfig */;
			buildSettings = {
				ALWAYS_EMBED_SWIFT_STANDARD_LIBRARIES = YES;
				CODE_SIGN_STYLE = Automatic;
				INFOPLIST_FILE = todoAppUITests/Info.plist;
				LD_RUNPATH_SEARCH_PATHS = (
					"$(inherited)",
					"@executable_path/Frameworks",
					"@loader_path/Frameworks",
				);
				PRODUCT_BUNDLE_IDENTIFIER = com.reena.todoAppUITests;
				PRODUCT_NAME = "$(TARGET_NAME)";
				SWIFT_VERSION = 5.0;
				TARGETED_DEVICE_FAMILY = "1,2";
				TEST_TARGET_NAME = todoApp;
			};
			name = Release;
		};
/* End XCBuildConfiguration section */

/* Begin XCConfigurationList section */
		77D39092259AEC73002839B3 /* Build configuration list for PBXProject "todoApp" */ = {
			isa = XCConfigurationList;
			buildConfigurations = (
				77D390BF259AEC74002839B3 /* Debug */,
				77D390C0259AEC74002839B3 /* Release */,
			);
			defaultConfigurationIsVisible = 0;
			defaultConfigurationName = Release;
		};
		77D390C1259AEC74002839B3 /* Build configuration list for PBXNativeTarget "todoApp" */ = {
			isa = XCConfigurationList;
			buildConfigurations = (
				77D390C2259AEC74002839B3 /* Debug */,
				77D390C3259AEC74002839B3 /* Release */,
			);
			defaultConfigurationIsVisible = 0;
			defaultConfigurationName = Release;
		};
		77D390C4259AEC74002839B3 /* Build configuration list for PBXNativeTarget "todoAppTests" */ = {
			isa = XCConfigurationList;
			buildConfigurations = (
				77D390C5259AEC74002839B3 /* Debug */,
				77D390C6259AEC74002839B3 /* Release */,
			);
			defaultConfigurationIsVisible = 0;
			defaultConfigurationName = Release;
		};
		77D390C7259AEC74002839B3 /* Build configuration list for PBXNativeTarget "todoAppUITests" */ = {
			isa = XCConfigurationList;
			buildConfigurations = (
				77D390C8259AEC74002839B3 /* Debug */,
				77D390C9259AEC74002839B3 /* Release */,
			);
			defaultConfigurationIsVisible = 0;
			defaultConfigurationName = Release;
		};
/* End XCConfigurationList section */
	};
	rootObject = 77D3908F259AEC73002839B3 /* Project object */;
}
